// !$*UTF8*$!
{
	archiveVersion = 1;
	classes = {
	};
	objectVersion = 50;
	objects = {

/* Begin PBXBuildFile section */
		220108AB224C31B800C1EDD0 /* Alert.storyboard in Resources */ = {isa = PBXBuildFile; fileRef = 220108AA224C31B800C1EDD0 /* Alert.storyboard */; };
		220108AE224C330500C1EDD0 /* Profile.storyboard in Resources */ = {isa = PBXBuildFile; fileRef = 220108AC224C330500C1EDD0 /* Profile.storyboard */; };
		22652F2C22547CDF00960AEF /* ProfileViewController.swift in Sources */ = {isa = PBXBuildFile; fileRef = 22652F2B22547CDF00960AEF /* ProfileViewController.swift */; };
		22652F2E2254804900960AEF /* ProfileTableViewCell.swift in Sources */ = {isa = PBXBuildFile; fileRef = 22652F2D2254804900960AEF /* ProfileTableViewCell.swift */; };
		22B123ED224C296A00FE40C7 /* AppDelegate.swift in Sources */ = {isa = PBXBuildFile; fileRef = 22B123EC224C296A00FE40C7 /* AppDelegate.swift */; };
		22B123EF224C296A00FE40C7 /* ViewController.swift in Sources */ = {isa = PBXBuildFile; fileRef = 22B123EE224C296A00FE40C7 /* ViewController.swift */; };
		22B123F2224C296A00FE40C7 /* Main.storyboard in Resources */ = {isa = PBXBuildFile; fileRef = 22B123F0224C296A00FE40C7 /* Main.storyboard */; };
		22B123F4224C296C00FE40C7 /* Assets.xcassets in Resources */ = {isa = PBXBuildFile; fileRef = 22B123F3224C296C00FE40C7 /* Assets.xcassets */; };
		22B123F7224C296C00FE40C7 /* LaunchScreen.storyboard in Resources */ = {isa = PBXBuildFile; fileRef = 22B123F5224C296C00FE40C7 /* LaunchScreen.storyboard */; };
		22B12402224C296C00FE40C7 /* ReportedTests.swift in Sources */ = {isa = PBXBuildFile; fileRef = 22B12401224C296C00FE40C7 /* ReportedTests.swift */; };
		22B1240D224C296C00FE40C7 /* ReportedUITests.swift in Sources */ = {isa = PBXBuildFile; fileRef = 22B1240C224C296C00FE40C7 /* ReportedUITests.swift */; };
		22B12421224C305C00FE40C7 /* Map.storyboard in Resources */ = {isa = PBXBuildFile; fileRef = 22B1241F224C305C00FE40C7 /* Map.storyboard */; };
		73DE7DE12253C06C00A650CD /* AlertViewController.swift in Sources */ = {isa = PBXBuildFile; fileRef = 73DE7DE02253C06C00A650CD /* AlertViewController.swift */; };
		73DE7DE32253C0A400A650CD /* AlertCell.swift in Sources */ = {isa = PBXBuildFile; fileRef = 73DE7DE22253C0A400A650CD /* AlertCell.swift */; };
		73DE7DE5225413A800A650CD /* loginAndSignupViewController.swift in Sources */ = {isa = PBXBuildFile; fileRef = 73DE7DE4225413A800A650CD /* loginAndSignupViewController.swift */; };
		73EFDFC12267DE8E00D06275 /* PostDetailsViewController.swift in Sources */ = {isa = PBXBuildFile; fileRef = 73EFDFC02267DE8E00D06275 /* PostDetailsViewController.swift */; };
		77E0B6E7657258813BB32CEF /* Pods_Reported.framework in Frameworks */ = {isa = PBXBuildFile; fileRef = 89A6E2A7859686C638197B2E /* Pods_Reported.framework */; };
		9850E9369924E42783FAB5E3 /* Pods_ReportedTests.framework in Frameworks */ = {isa = PBXBuildFile; fileRef = 8BE13C4E7D7F6ADE4E88A87A /* Pods_ReportedTests.framework */; };
		9D8B9D9F4933E671B65E8894 /* Pods_ReportedUITests.framework in Frameworks */ = {isa = PBXBuildFile; fileRef = F26188474FB297516CE369E3 /* Pods_ReportedUITests.framework */; };
		B370B9152252F9FC007D42AD /* MapUpdateViewController.swift in Sources */ = {isa = PBXBuildFile; fileRef = B370B9142252F9FC007D42AD /* MapUpdateViewController.swift */; };
		B3B51C94225151BB00201955 /* iOSDropDown.framework in Frameworks */ = {isa = PBXBuildFile; fileRef = B3B51C93225151BB00201955 /* iOSDropDown.framework */; };
		B3B51C962251520D00201955 /* FormViewController.swift in Sources */ = {isa = PBXBuildFile; fileRef = B3B51C952251520D00201955 /* FormViewController.swift */; };
		B3F048C822507E19001ADDBB /* MapKit.framework in Frameworks */ = {isa = PBXBuildFile; fileRef = B3F048C722507E19001ADDBB /* MapKit.framework */; };
		B3F048CA22507E20001ADDBB /* CoreLocation.framework in Frameworks */ = {isa = PBXBuildFile; fileRef = B3F048C922507E20001ADDBB /* CoreLocation.framework */; };
		B3F048CC22507F20001ADDBB /* MapViewController.swift in Sources */ = {isa = PBXBuildFile; fileRef = B3F048CB22507F20001ADDBB /* MapViewController.swift */; };
/* End PBXBuildFile section */

/* Begin PBXContainerItemProxy section */
		22B123FE224C296C00FE40C7 /* PBXContainerItemProxy */ = {
			isa = PBXContainerItemProxy;
			containerPortal = 22B123E1224C296A00FE40C7 /* Project object */;
			proxyType = 1;
			remoteGlobalIDString = 22B123E8224C296A00FE40C7;
			remoteInfo = Reported;
		};
		22B12409224C296C00FE40C7 /* PBXContainerItemProxy */ = {
			isa = PBXContainerItemProxy;
			containerPortal = 22B123E1224C296A00FE40C7 /* Project object */;
			proxyType = 1;
			remoteGlobalIDString = 22B123E8224C296A00FE40C7;
			remoteInfo = Reported;
		};
/* End PBXContainerItemProxy section */

/* Begin PBXFileReference section */
		220108AA224C31B800C1EDD0 /* Alert.storyboard */ = {isa = PBXFileReference; fileEncoding = 4; lastKnownFileType = file.storyboard; path = Alert.storyboard; sourceTree = "<group>"; };
		220108AD224C330500C1EDD0 /* Base */ = {isa = PBXFileReference; lastKnownFileType = file.storyboard; name = Base; path = Reported/Base.lproj/Profile.storyboard; sourceTree = "<group>"; };
		22652F2B22547CDF00960AEF /* ProfileViewController.swift */ = {isa = PBXFileReference; lastKnownFileType = sourcecode.swift; path = ProfileViewController.swift; sourceTree = "<group>"; };
		22652F2D2254804900960AEF /* ProfileTableViewCell.swift */ = {isa = PBXFileReference; lastKnownFileType = sourcecode.swift; path = ProfileTableViewCell.swift; sourceTree = "<group>"; };
		22B123E9224C296A00FE40C7 /* Reported.app */ = {isa = PBXFileReference; explicitFileType = wrapper.application; includeInIndex = 0; path = Reported.app; sourceTree = BUILT_PRODUCTS_DIR; };
		22B123EC224C296A00FE40C7 /* AppDelegate.swift */ = {isa = PBXFileReference; lastKnownFileType = sourcecode.swift; path = AppDelegate.swift; sourceTree = "<group>"; };
		22B123EE224C296A00FE40C7 /* ViewController.swift */ = {isa = PBXFileReference; lastKnownFileType = sourcecode.swift; path = ViewController.swift; sourceTree = "<group>"; };
		22B123F1224C296A00FE40C7 /* Base */ = {isa = PBXFileReference; lastKnownFileType = file.storyboard; name = Base; path = Base.lproj/Main.storyboard; sourceTree = "<group>"; };
		22B123F3224C296C00FE40C7 /* Assets.xcassets */ = {isa = PBXFileReference; lastKnownFileType = folder.assetcatalog; path = Assets.xcassets; sourceTree = "<group>"; };
		22B123F6224C296C00FE40C7 /* Base */ = {isa = PBXFileReference; lastKnownFileType = file.storyboard; name = Base; path = Base.lproj/LaunchScreen.storyboard; sourceTree = "<group>"; };
		22B123F8224C296C00FE40C7 /* Info.plist */ = {isa = PBXFileReference; lastKnownFileType = text.plist.xml; path = Info.plist; sourceTree = "<group>"; };
		22B123FD224C296C00FE40C7 /* ReportedTests.xctest */ = {isa = PBXFileReference; explicitFileType = wrapper.cfbundle; includeInIndex = 0; path = ReportedTests.xctest; sourceTree = BUILT_PRODUCTS_DIR; };
		22B12401224C296C00FE40C7 /* ReportedTests.swift */ = {isa = PBXFileReference; lastKnownFileType = sourcecode.swift; path = ReportedTests.swift; sourceTree = "<group>"; };
		22B12403224C296C00FE40C7 /* Info.plist */ = {isa = PBXFileReference; lastKnownFileType = text.plist.xml; path = Info.plist; sourceTree = "<group>"; };
		22B12408224C296C00FE40C7 /* ReportedUITests.xctest */ = {isa = PBXFileReference; explicitFileType = wrapper.cfbundle; includeInIndex = 0; path = ReportedUITests.xctest; sourceTree = BUILT_PRODUCTS_DIR; };
		22B1240C224C296C00FE40C7 /* ReportedUITests.swift */ = {isa = PBXFileReference; lastKnownFileType = sourcecode.swift; path = ReportedUITests.swift; sourceTree = "<group>"; };
		22B1240E224C296C00FE40C7 /* Info.plist */ = {isa = PBXFileReference; lastKnownFileType = text.plist.xml; path = Info.plist; sourceTree = "<group>"; };
		22B12420224C305C00FE40C7 /* Base */ = {isa = PBXFileReference; lastKnownFileType = file.storyboard; name = Base; path = Reported/Base.lproj/Map.storyboard; sourceTree = "<group>"; };
		3DE3EDEB641C6D6FCD6773F5 /* Pods-ReportedTests.debug.xcconfig */ = {isa = PBXFileReference; includeInIndex = 1; lastKnownFileType = text.xcconfig; name = "Pods-ReportedTests.debug.xcconfig"; path = "Target Support Files/Pods-ReportedTests/Pods-ReportedTests.debug.xcconfig"; sourceTree = "<group>"; };
		73DE7DE02253C06C00A650CD /* AlertViewController.swift */ = {isa = PBXFileReference; lastKnownFileType = sourcecode.swift; path = AlertViewController.swift; sourceTree = "<group>"; };
		73DE7DE22253C0A400A650CD /* AlertCell.swift */ = {isa = PBXFileReference; lastKnownFileType = sourcecode.swift; path = AlertCell.swift; sourceTree = "<group>"; };
		73DE7DE4225413A800A650CD /* loginAndSignupViewController.swift */ = {isa = PBXFileReference; lastKnownFileType = sourcecode.swift; path = loginAndSignupViewController.swift; sourceTree = "<group>"; };
		73EFDFC02267DE8E00D06275 /* PostDetailsViewController.swift */ = {isa = PBXFileReference; lastKnownFileType = sourcecode.swift; path = PostDetailsViewController.swift; sourceTree = "<group>"; };
		89A6E2A7859686C638197B2E /* Pods_Reported.framework */ = {isa = PBXFileReference; explicitFileType = wrapper.framework; includeInIndex = 0; path = Pods_Reported.framework; sourceTree = BUILT_PRODUCTS_DIR; };
		8BE13C4E7D7F6ADE4E88A87A /* Pods_ReportedTests.framework */ = {isa = PBXFileReference; explicitFileType = wrapper.framework; includeInIndex = 0; path = Pods_ReportedTests.framework; sourceTree = BUILT_PRODUCTS_DIR; };
		A171BD004EC04CC461883501 /* Pods-Reported.debug.xcconfig */ = {isa = PBXFileReference; includeInIndex = 1; lastKnownFileType = text.xcconfig; name = "Pods-Reported.debug.xcconfig"; path = "Target Support Files/Pods-Reported/Pods-Reported.debug.xcconfig"; sourceTree = "<group>"; };
		B370B9142252F9FC007D42AD /* MapUpdateViewController.swift */ = {isa = PBXFileReference; lastKnownFileType = sourcecode.swift; path = MapUpdateViewController.swift; sourceTree = "<group>"; };
		B3B51C93225151BB00201955 /* iOSDropDown.framework */ = {isa = PBXFileReference; explicitFileType = wrapper.framework; path = iOSDropDown.framework; sourceTree = BUILT_PRODUCTS_DIR; };
		B3B51C952251520D00201955 /* FormViewController.swift */ = {isa = PBXFileReference; lastKnownFileType = sourcecode.swift; name = FormViewController.swift; path = ViewControllers/FormViewController.swift; sourceTree = "<group>"; };
		B3F048C722507E19001ADDBB /* MapKit.framework */ = {isa = PBXFileReference; lastKnownFileType = wrapper.framework; name = MapKit.framework; path = System/Library/Frameworks/MapKit.framework; sourceTree = SDKROOT; };
		B3F048C922507E20001ADDBB /* CoreLocation.framework */ = {isa = PBXFileReference; lastKnownFileType = wrapper.framework; name = CoreLocation.framework; path = System/Library/Frameworks/CoreLocation.framework; sourceTree = SDKROOT; };
		B3F048CB22507F20001ADDBB /* MapViewController.swift */ = {isa = PBXFileReference; lastKnownFileType = sourcecode.swift; path = MapViewController.swift; sourceTree = "<group>"; };
		B6CC965DB842F81EF1CC3F36 /* Pods-ReportedUITests.debug.xcconfig */ = {isa = PBXFileReference; includeInIndex = 1; lastKnownFileType = text.xcconfig; name = "Pods-ReportedUITests.debug.xcconfig"; path = "Target Support Files/Pods-ReportedUITests/Pods-ReportedUITests.debug.xcconfig"; sourceTree = "<group>"; };
		BDD373C8929FC0B46A934C56 /* Pods-ReportedTests.release.xcconfig */ = {isa = PBXFileReference; includeInIndex = 1; lastKnownFileType = text.xcconfig; name = "Pods-ReportedTests.release.xcconfig"; path = "Target Support Files/Pods-ReportedTests/Pods-ReportedTests.release.xcconfig"; sourceTree = "<group>"; };
		C717494C07E9873DF27E775F /* Pods-ReportedUITests.release.xcconfig */ = {isa = PBXFileReference; includeInIndex = 1; lastKnownFileType = text.xcconfig; name = "Pods-ReportedUITests.release.xcconfig"; path = "Target Support Files/Pods-ReportedUITests/Pods-ReportedUITests.release.xcconfig"; sourceTree = "<group>"; };
		EA072D9D056D90F929D17331 /* Pods-Reported.release.xcconfig */ = {isa = PBXFileReference; includeInIndex = 1; lastKnownFileType = text.xcconfig; name = "Pods-Reported.release.xcconfig"; path = "Target Support Files/Pods-Reported/Pods-Reported.release.xcconfig"; sourceTree = "<group>"; };
		F26188474FB297516CE369E3 /* Pods_ReportedUITests.framework */ = {isa = PBXFileReference; explicitFileType = wrapper.framework; includeInIndex = 0; path = Pods_ReportedUITests.framework; sourceTree = BUILT_PRODUCTS_DIR; };
/* End PBXFileReference section */

/* Begin PBXFrameworksBuildPhase section */
		22B123E6224C296A00FE40C7 /* Frameworks */ = {
			isa = PBXFrameworksBuildPhase;
			buildActionMask = 2147483647;
			files = (
				B3B51C94225151BB00201955 /* iOSDropDown.framework in Frameworks */,
				B3F048CA22507E20001ADDBB /* CoreLocation.framework in Frameworks */,
				B3F048C822507E19001ADDBB /* MapKit.framework in Frameworks */,
				77E0B6E7657258813BB32CEF /* Pods_Reported.framework in Frameworks */,
			);
			runOnlyForDeploymentPostprocessing = 0;
		};
		22B123FA224C296C00FE40C7 /* Frameworks */ = {
			isa = PBXFrameworksBuildPhase;
			buildActionMask = 2147483647;
			files = (
				9850E9369924E42783FAB5E3 /* Pods_ReportedTests.framework in Frameworks */,
			);
			runOnlyForDeploymentPostprocessing = 0;
		};
		22B12405224C296C00FE40C7 /* Frameworks */ = {
			isa = PBXFrameworksBuildPhase;
			buildActionMask = 2147483647;
			files = (
				9D8B9D9F4933E671B65E8894 /* Pods_ReportedUITests.framework in Frameworks */,
			);
			runOnlyForDeploymentPostprocessing = 0;
		};
/* End PBXFrameworksBuildPhase section */

/* Begin PBXGroup section */
		22B123E0224C296A00FE40C7 = {
			isa = PBXGroup;
			children = (
				22B123EB224C296A00FE40C7 /* Reported */,
				22B12400224C296C00FE40C7 /* ReportedTests */,
				22B1240B224C296C00FE40C7 /* ReportedUITests */,
				22B123EA224C296A00FE40C7 /* Products */,
				6AD2C39BDF47D1CD3B84086A /* Pods */,
				B3ADAF7E67C7FA6601B63B68 /* Frameworks */,
			);
			sourceTree = "<group>";
		};
		22B123EA224C296A00FE40C7 /* Products */ = {
			isa = PBXGroup;
			children = (
				22B123E9224C296A00FE40C7 /* Reported.app */,
				22B123FD224C296C00FE40C7 /* ReportedTests.xctest */,
				22B12408224C296C00FE40C7 /* ReportedUITests.xctest */,
			);
			name = Products;
			sourceTree = "<group>";
		};
		22B123EB224C296A00FE40C7 /* Reported */ = {
			isa = PBXGroup;
			children = (
				B3F048CE225080D5001ADDBB /* ViewControllers */,
				B3F048CD225080CD001ADDBB /* View */,
				22B123EC224C296A00FE40C7 /* AppDelegate.swift */,
				22B123EE224C296A00FE40C7 /* ViewController.swift */,
				B3F048CB22507F20001ADDBB /* MapViewController.swift */,
				73DE7DE4225413A800A650CD /* loginAndSignupViewController.swift */,
				22B123F5224C296C00FE40C7 /* LaunchScreen.storyboard */,
				22B123F0224C296A00FE40C7 /* Main.storyboard */,
				220108AC224C330500C1EDD0 /* Profile.storyboard */,
				22B1241F224C305C00FE40C7 /* Map.storyboard */,
				220108AA224C31B800C1EDD0 /* Alert.storyboard */,
				B3B51C952251520D00201955 /* FormViewController.swift */,
				73DE7DE02253C06C00A650CD /* AlertViewController.swift */,
				73EFDFC02267DE8E00D06275 /* PostDetailsViewController.swift */,
				B370B9142252F9FC007D42AD /* MapUpdateViewController.swift */,
				73DE7DE22253C0A400A650CD /* AlertCell.swift */,
				22B123F3224C296C00FE40C7 /* Assets.xcassets */,
				22B123F8224C296C00FE40C7 /* Info.plist */,
				22652F2B22547CDF00960AEF /* ProfileViewController.swift */,
				22652F2D2254804900960AEF /* ProfileTableViewCell.swift */,
			);
			path = Reported;
			sourceTree = "<group>";
		};
		22B12400224C296C00FE40C7 /* ReportedTests */ = {
			isa = PBXGroup;
			children = (
				22B12401224C296C00FE40C7 /* ReportedTests.swift */,
				22B12403224C296C00FE40C7 /* Info.plist */,
			);
			path = ReportedTests;
			sourceTree = "<group>";
		};
		22B1240B224C296C00FE40C7 /* ReportedUITests */ = {
			isa = PBXGroup;
			children = (
				22B1240C224C296C00FE40C7 /* ReportedUITests.swift */,
				22B1240E224C296C00FE40C7 /* Info.plist */,
			);
			path = ReportedUITests;
			sourceTree = "<group>";
		};
		6AD2C39BDF47D1CD3B84086A /* Pods */ = {
			isa = PBXGroup;
			children = (
				A171BD004EC04CC461883501 /* Pods-Reported.debug.xcconfig */,
				EA072D9D056D90F929D17331 /* Pods-Reported.release.xcconfig */,
				3DE3EDEB641C6D6FCD6773F5 /* Pods-ReportedTests.debug.xcconfig */,
				BDD373C8929FC0B46A934C56 /* Pods-ReportedTests.release.xcconfig */,
				B6CC965DB842F81EF1CC3F36 /* Pods-ReportedUITests.debug.xcconfig */,
				C717494C07E9873DF27E775F /* Pods-ReportedUITests.release.xcconfig */,
			);
			path = Pods;
			sourceTree = "<group>";
		};
		B3ADAF7E67C7FA6601B63B68 /* Frameworks */ = {
			isa = PBXGroup;
			children = (
				B3B51C93225151BB00201955 /* iOSDropDown.framework */,
				B3F048C922507E20001ADDBB /* CoreLocation.framework */,
				B3F048C722507E19001ADDBB /* MapKit.framework */,
				89A6E2A7859686C638197B2E /* Pods_Reported.framework */,
				8BE13C4E7D7F6ADE4E88A87A /* Pods_ReportedTests.framework */,
				F26188474FB297516CE369E3 /* Pods_ReportedUITests.framework */,
			);
			name = Frameworks;
			sourceTree = "<group>";
		};
		B3F048CD225080CD001ADDBB /* View */ = {
			isa = PBXGroup;
			children = (
			);
			path = View;
			sourceTree = "<group>";
		};
		B3F048CE225080D5001ADDBB /* ViewControllers */ = {
			isa = PBXGroup;
			children = (
			);
			path = ViewControllers;
			sourceTree = "<group>";
		};
/* End PBXGroup section */

/* Begin PBXNativeTarget section */
		22B123E8224C296A00FE40C7 /* Reported */ = {
			isa = PBXNativeTarget;
			buildConfigurationList = 22B12411224C296C00FE40C7 /* Build configuration list for PBXNativeTarget "Reported" */;
			buildPhases = (
				D56265A1EFC97AE5ACCDDEDE /* [CP] Check Pods Manifest.lock */,
				22B123E5224C296A00FE40C7 /* Sources */,
				22B123E6224C296A00FE40C7 /* Frameworks */,
				22B123E7224C296A00FE40C7 /* Resources */,
				4496FC07F352F20D16041428 /* [CP] Embed Pods Frameworks */,
			);
			buildRules = (
			);
			dependencies = (
			);
			name = Reported;
			productName = Reported;
			productReference = 22B123E9224C296A00FE40C7 /* Reported.app */;
			productType = "com.apple.product-type.application";
		};
		22B123FC224C296C00FE40C7 /* ReportedTests */ = {
			isa = PBXNativeTarget;
			buildConfigurationList = 22B12414224C296C00FE40C7 /* Build configuration list for PBXNativeTarget "ReportedTests" */;
			buildPhases = (
				EF1319BC745135152B868DB9 /* [CP] Check Pods Manifest.lock */,
				22B123F9224C296C00FE40C7 /* Sources */,
				22B123FA224C296C00FE40C7 /* Frameworks */,
				22B123FB224C296C00FE40C7 /* Resources */,
			);
			buildRules = (
			);
			dependencies = (
				22B123FF224C296C00FE40C7 /* PBXTargetDependency */,
			);
			name = ReportedTests;
			productName = ReportedTests;
			productReference = 22B123FD224C296C00FE40C7 /* ReportedTests.xctest */;
			productType = "com.apple.product-type.bundle.unit-test";
		};
		22B12407224C296C00FE40C7 /* ReportedUITests */ = {
			isa = PBXNativeTarget;
			buildConfigurationList = 22B12417224C296C00FE40C7 /* Build configuration list for PBXNativeTarget "ReportedUITests" */;
			buildPhases = (
				2C2692C71D252BF59376F921 /* [CP] Check Pods Manifest.lock */,
				22B12404224C296C00FE40C7 /* Sources */,
				22B12405224C296C00FE40C7 /* Frameworks */,
				22B12406224C296C00FE40C7 /* Resources */,
			);
			buildRules = (
			);
			dependencies = (
				22B1240A224C296C00FE40C7 /* PBXTargetDependency */,
			);
			name = ReportedUITests;
			productName = ReportedUITests;
			productReference = 22B12408224C296C00FE40C7 /* ReportedUITests.xctest */;
			productType = "com.apple.product-type.bundle.ui-testing";
		};
/* End PBXNativeTarget section */

/* Begin PBXProject section */
		22B123E1224C296A00FE40C7 /* Project object */ = {
			isa = PBXProject;
			attributes = {
				LastSwiftUpdateCheck = 1010;
				LastUpgradeCheck = 1010;
				ORGANIZATIONNAME = threesannin;
				TargetAttributes = {
					22B123E8224C296A00FE40C7 = {
						CreatedOnToolsVersion = 10.1;
					};
					22B123FC224C296C00FE40C7 = {
						CreatedOnToolsVersion = 10.1;
						TestTargetID = 22B123E8224C296A00FE40C7;
					};
					22B12407224C296C00FE40C7 = {
						CreatedOnToolsVersion = 10.1;
						TestTargetID = 22B123E8224C296A00FE40C7;
					};
				};
			};
			buildConfigurationList = 22B123E4224C296A00FE40C7 /* Build configuration list for PBXProject "Reported" */;
			compatibilityVersion = "Xcode 9.3";
			developmentRegion = en;
			hasScannedForEncodings = 0;
			knownRegions = (
				en,
				Base,
			);
			mainGroup = 22B123E0224C296A00FE40C7;
			productRefGroup = 22B123EA224C296A00FE40C7 /* Products */;
			projectDirPath = "";
			projectRoot = "";
			targets = (
				22B123E8224C296A00FE40C7 /* Reported */,
				22B123FC224C296C00FE40C7 /* ReportedTests */,
				22B12407224C296C00FE40C7 /* ReportedUITests */,
			);
		};
/* End PBXProject section */

/* Begin PBXResourcesBuildPhase section */
		22B123E7224C296A00FE40C7 /* Resources */ = {
			isa = PBXResourcesBuildPhase;
			buildActionMask = 2147483647;
			files = (
				220108AE224C330500C1EDD0 /* Profile.storyboard in Resources */,
				22B123F7224C296C00FE40C7 /* LaunchScreen.storyboard in Resources */,
				220108AB224C31B800C1EDD0 /* Alert.storyboard in Resources */,
				22B123F4224C296C00FE40C7 /* Assets.xcassets in Resources */,
				22B123F2224C296A00FE40C7 /* Main.storyboard in Resources */,
				22B12421224C305C00FE40C7 /* Map.storyboard in Resources */,
			);
			runOnlyForDeploymentPostprocessing = 0;
		};
		22B123FB224C296C00FE40C7 /* Resources */ = {
			isa = PBXResourcesBuildPhase;
			buildActionMask = 2147483647;
			files = (
			);
			runOnlyForDeploymentPostprocessing = 0;
		};
		22B12406224C296C00FE40C7 /* Resources */ = {
			isa = PBXResourcesBuildPhase;
			buildActionMask = 2147483647;
			files = (
			);
			runOnlyForDeploymentPostprocessing = 0;
		};
/* End PBXResourcesBuildPhase section */

/* Begin PBXShellScriptBuildPhase section */
		2C2692C71D252BF59376F921 /* [CP] Check Pods Manifest.lock */ = {
			isa = PBXShellScriptBuildPhase;
			buildActionMask = 2147483647;
			files = (
			);
			inputFileListPaths = (
			);
			inputPaths = (
				"${PODS_PODFILE_DIR_PATH}/Podfile.lock",
				"${PODS_ROOT}/Manifest.lock",
			);
			name = "[CP] Check Pods Manifest.lock";
			outputFileListPaths = (
			);
			outputPaths = (
				"$(DERIVED_FILE_DIR)/Pods-ReportedUITests-checkManifestLockResult.txt",
			);
			runOnlyForDeploymentPostprocessing = 0;
			shellPath = /bin/sh;
			shellScript = "diff \"${PODS_PODFILE_DIR_PATH}/Podfile.lock\" \"${PODS_ROOT}/Manifest.lock\" > /dev/null\nif [ $? != 0 ] ; then\n    # print error to STDERR\n    echo \"error: The sandbox is not in sync with the Podfile.lock. Run 'pod install' or update your CocoaPods installation.\" >&2\n    exit 1\nfi\n# This output is used by Xcode 'outputs' to avoid re-running this script phase.\necho \"SUCCESS\" > \"${SCRIPT_OUTPUT_FILE_0}\"\n";
			showEnvVarsInLog = 0;
		};
		4496FC07F352F20D16041428 /* [CP] Embed Pods Frameworks */ = {
			isa = PBXShellScriptBuildPhase;
			buildActionMask = 2147483647;
			files = (
			);
			inputFileListPaths = (
			);
			inputPaths = (
				"${PODS_ROOT}/Target Support Files/Pods-Reported/Pods-Reported-frameworks.sh",
				"${BUILT_PRODUCTS_DIR}/Alamofire/Alamofire.framework",
				"${BUILT_PRODUCTS_DIR}/AlamofireImage/AlamofireImage.framework",
				"${BUILT_PRODUCTS_DIR}/Bolts/Bolts.framework",
				"${BUILT_PRODUCTS_DIR}/Parse/Parse.framework",
				"${BUILT_PRODUCTS_DIR}/iOSDropDown/iOSDropDown.framework",
			);
			name = "[CP] Embed Pods Frameworks";
			outputFileListPaths = (
			);
			outputPaths = (
				"${TARGET_BUILD_DIR}/${FRAMEWORKS_FOLDER_PATH}/Alamofire.framework",
				"${TARGET_BUILD_DIR}/${FRAMEWORKS_FOLDER_PATH}/AlamofireImage.framework",
				"${TARGET_BUILD_DIR}/${FRAMEWORKS_FOLDER_PATH}/Bolts.framework",
				"${TARGET_BUILD_DIR}/${FRAMEWORKS_FOLDER_PATH}/Parse.framework",
				"${TARGET_BUILD_DIR}/${FRAMEWORKS_FOLDER_PATH}/iOSDropDown.framework",
			);
			runOnlyForDeploymentPostprocessing = 0;
			shellPath = /bin/sh;
			shellScript = "\"${PODS_ROOT}/Target Support Files/Pods-Reported/Pods-Reported-frameworks.sh\"\n";
			showEnvVarsInLog = 0;
		};
		D56265A1EFC97AE5ACCDDEDE /* [CP] Check Pods Manifest.lock */ = {
			isa = PBXShellScriptBuildPhase;
			buildActionMask = 2147483647;
			files = (
			);
			inputFileListPaths = (
			);
			inputPaths = (
				"${PODS_PODFILE_DIR_PATH}/Podfile.lock",
				"${PODS_ROOT}/Manifest.lock",
			);
			name = "[CP] Check Pods Manifest.lock";
			outputFileListPaths = (
			);
			outputPaths = (
				"$(DERIVED_FILE_DIR)/Pods-Reported-checkManifestLockResult.txt",
			);
			runOnlyForDeploymentPostprocessing = 0;
			shellPath = /bin/sh;
			shellScript = "diff \"${PODS_PODFILE_DIR_PATH}/Podfile.lock\" \"${PODS_ROOT}/Manifest.lock\" > /dev/null\nif [ $? != 0 ] ; then\n    # print error to STDERR\n    echo \"error: The sandbox is not in sync with the Podfile.lock. Run 'pod install' or update your CocoaPods installation.\" >&2\n    exit 1\nfi\n# This output is used by Xcode 'outputs' to avoid re-running this script phase.\necho \"SUCCESS\" > \"${SCRIPT_OUTPUT_FILE_0}\"\n";
			showEnvVarsInLog = 0;
		};
		EF1319BC745135152B868DB9 /* [CP] Check Pods Manifest.lock */ = {
			isa = PBXShellScriptBuildPhase;
			buildActionMask = 2147483647;
			files = (
			);
			inputFileListPaths = (
			);
			inputPaths = (
				"${PODS_PODFILE_DIR_PATH}/Podfile.lock",
				"${PODS_ROOT}/Manifest.lock",
			);
			name = "[CP] Check Pods Manifest.lock";
			outputFileListPaths = (
			);
			outputPaths = (
				"$(DERIVED_FILE_DIR)/Pods-ReportedTests-checkManifestLockResult.txt",
			);
			runOnlyForDeploymentPostprocessing = 0;
			shellPath = /bin/sh;
			shellScript = "diff \"${PODS_PODFILE_DIR_PATH}/Podfile.lock\" \"${PODS_ROOT}/Manifest.lock\" > /dev/null\nif [ $? != 0 ] ; then\n    # print error to STDERR\n    echo \"error: The sandbox is not in sync with the Podfile.lock. Run 'pod install' or update your CocoaPods installation.\" >&2\n    exit 1\nfi\n# This output is used by Xcode 'outputs' to avoid re-running this script phase.\necho \"SUCCESS\" > \"${SCRIPT_OUTPUT_FILE_0}\"\n";
			showEnvVarsInLog = 0;
		};
/* End PBXShellScriptBuildPhase section */

/* Begin PBXSourcesBuildPhase section */
		22B123E5224C296A00FE40C7 /* Sources */ = {
			isa = PBXSourcesBuildPhase;
			buildActionMask = 2147483647;
			files = (
				22652F2C22547CDF00960AEF /* ProfileViewController.swift in Sources */,
				22652F2E2254804900960AEF /* ProfileTableViewCell.swift in Sources */,
				22B123EF224C296A00FE40C7 /* ViewController.swift in Sources */,
				B3F048CC22507F20001ADDBB /* MapViewController.swift in Sources */,
				B370B9152252F9FC007D42AD /* MapUpdateViewController.swift in Sources */,
				B3B51C962251520D00201955 /* FormViewController.swift in Sources */,
				73DE7DE12253C06C00A650CD /* AlertViewController.swift in Sources */,
				73DE7DE32253C0A400A650CD /* AlertCell.swift in Sources */,
				73EFDFC12267DE8E00D06275 /* PostDetailsViewController.swift in Sources */,
				22B123ED224C296A00FE40C7 /* AppDelegate.swift in Sources */,
				73DE7DE5225413A800A650CD /* loginAndSignupViewController.swift in Sources */,
			);
			runOnlyForDeploymentPostprocessing = 0;
		};
		22B123F9224C296C00FE40C7 /* Sources */ = {
			isa = PBXSourcesBuildPhase;
			buildActionMask = 2147483647;
			files = (
				22B12402224C296C00FE40C7 /* ReportedTests.swift in Sources */,
			);
			runOnlyForDeploymentPostprocessing = 0;
		};
		22B12404224C296C00FE40C7 /* Sources */ = {
			isa = PBXSourcesBuildPhase;
			buildActionMask = 2147483647;
			files = (
				22B1240D224C296C00FE40C7 /* ReportedUITests.swift in Sources */,
			);
			runOnlyForDeploymentPostprocessing = 0;
		};
/* End PBXSourcesBuildPhase section */

/* Begin PBXTargetDependency section */
		22B123FF224C296C00FE40C7 /* PBXTargetDependency */ = {
			isa = PBXTargetDependency;
			target = 22B123E8224C296A00FE40C7 /* Reported */;
			targetProxy = 22B123FE224C296C00FE40C7 /* PBXContainerItemProxy */;
		};
		22B1240A224C296C00FE40C7 /* PBXTargetDependency */ = {
			isa = PBXTargetDependency;
			target = 22B123E8224C296A00FE40C7 /* Reported */;
			targetProxy = 22B12409224C296C00FE40C7 /* PBXContainerItemProxy */;
		};
/* End PBXTargetDependency section */

/* Begin PBXVariantGroup section */
		220108AC224C330500C1EDD0 /* Profile.storyboard */ = {
			isa = PBXVariantGroup;
			children = (
				220108AD224C330500C1EDD0 /* Base */,
			);
			name = Profile.storyboard;
			sourceTree = "<group>";
		};
		22B123F0224C296A00FE40C7 /* Main.storyboard */ = {
			isa = PBXVariantGroup;
			children = (
				22B123F1224C296A00FE40C7 /* Base */,
			);
			name = Main.storyboard;
			sourceTree = "<group>";
		};
		22B123F5224C296C00FE40C7 /* LaunchScreen.storyboard */ = {
			isa = PBXVariantGroup;
			children = (
				22B123F6224C296C00FE40C7 /* Base */,
			);
			name = LaunchScreen.storyboard;
			sourceTree = "<group>";
		};
		22B1241F224C305C00FE40C7 /* Map.storyboard */ = {
			isa = PBXVariantGroup;
			children = (
				22B12420224C305C00FE40C7 /* Base */,
			);
			name = Map.storyboard;
			sourceTree = "<group>";
		};
/* End PBXVariantGroup section */

/* Begin XCBuildConfiguration section */
		22B1240F224C296C00FE40C7 /* Debug */ = {
			isa = XCBuildConfiguration;
			buildSettings = {
				ALWAYS_SEARCH_USER_PATHS = NO;
				CLANG_ANALYZER_NONNULL = YES;
				CLANG_ANALYZER_NUMBER_OBJECT_CONVERSION = YES_AGGRESSIVE;
				CLANG_CXX_LANGUAGE_STANDARD = "gnu++14";
				CLANG_CXX_LIBRARY = "libc++";
				CLANG_ENABLE_MODULES = YES;
				CLANG_ENABLE_OBJC_ARC = YES;
				CLANG_ENABLE_OBJC_WEAK = YES;
				CLANG_WARN_BLOCK_CAPTURE_AUTORELEASING = YES;
				CLANG_WARN_BOOL_CONVERSION = YES;
				CLANG_WARN_COMMA = YES;
				CLANG_WARN_CONSTANT_CONVERSION = YES;
				CLANG_WARN_DEPRECATED_OBJC_IMPLEMENTATIONS = YES;
				CLANG_WARN_DIRECT_OBJC_ISA_USAGE = YES_ERROR;
				CLANG_WARN_DOCUMENTATION_COMMENTS = YES;
				CLANG_WARN_EMPTY_BODY = YES;
				CLANG_WARN_ENUM_CONVERSION = YES;
				CLANG_WARN_INFINITE_RECURSION = YES;
				CLANG_WARN_INT_CONVERSION = YES;
				CLANG_WARN_NON_LITERAL_NULL_CONVERSION = YES;
				CLANG_WARN_OBJC_IMPLICIT_RETAIN_SELF = YES;
				CLANG_WARN_OBJC_LITERAL_CONVERSION = YES;
				CLANG_WARN_OBJC_ROOT_CLASS = YES_ERROR;
				CLANG_WARN_RANGE_LOOP_ANALYSIS = YES;
				CLANG_WARN_STRICT_PROTOTYPES = YES;
				CLANG_WARN_SUSPICIOUS_MOVE = YES;
				CLANG_WARN_UNGUARDED_AVAILABILITY = YES_AGGRESSIVE;
				CLANG_WARN_UNREACHABLE_CODE = YES;
				CLANG_WARN__DUPLICATE_METHOD_MATCH = YES;
				CODE_SIGN_IDENTITY = "iPhone Developer";
				COPY_PHASE_STRIP = NO;
				DEBUG_INFORMATION_FORMAT = dwarf;
				ENABLE_STRICT_OBJC_MSGSEND = YES;
				ENABLE_TESTABILITY = YES;
				GCC_C_LANGUAGE_STANDARD = gnu11;
				GCC_DYNAMIC_NO_PIC = NO;
				GCC_NO_COMMON_BLOCKS = YES;
				GCC_OPTIMIZATION_LEVEL = 0;
				GCC_PREPROCESSOR_DEFINITIONS = (
					"DEBUG=1",
					"$(inherited)",
				);
				GCC_WARN_64_TO_32_BIT_CONVERSION = YES;
				GCC_WARN_ABOUT_RETURN_TYPE = YES_ERROR;
				GCC_WARN_UNDECLARED_SELECTOR = YES;
				GCC_WARN_UNINITIALIZED_AUTOS = YES_AGGRESSIVE;
				GCC_WARN_UNUSED_FUNCTION = YES;
				GCC_WARN_UNUSED_VARIABLE = YES;
				IPHONEOS_DEPLOYMENT_TARGET = 12.1;
				MTL_ENABLE_DEBUG_INFO = INCLUDE_SOURCE;
				MTL_FAST_MATH = YES;
				ONLY_ACTIVE_ARCH = YES;
				SDKROOT = iphoneos;
				SWIFT_ACTIVE_COMPILATION_CONDITIONS = DEBUG;
				SWIFT_OPTIMIZATION_LEVEL = "-Onone";
			};
			name = Debug;
		};
		22B12410224C296C00FE40C7 /* Release */ = {
			isa = XCBuildConfiguration;
			buildSettings = {
				ALWAYS_SEARCH_USER_PATHS = NO;
				CLANG_ANALYZER_NONNULL = YES;
				CLANG_ANALYZER_NUMBER_OBJECT_CONVERSION = YES_AGGRESSIVE;
				CLANG_CXX_LANGUAGE_STANDARD = "gnu++14";
				CLANG_CXX_LIBRARY = "libc++";
				CLANG_ENABLE_MODULES = YES;
				CLANG_ENABLE_OBJC_ARC = YES;
				CLANG_ENABLE_OBJC_WEAK = YES;
				CLANG_WARN_BLOCK_CAPTURE_AUTORELEASING = YES;
				CLANG_WARN_BOOL_CONVERSION = YES;
				CLANG_WARN_COMMA = YES;
				CLANG_WARN_CONSTANT_CONVERSION = YES;
				CLANG_WARN_DEPRECATED_OBJC_IMPLEMENTATIONS = YES;
				CLANG_WARN_DIRECT_OBJC_ISA_USAGE = YES_ERROR;
				CLANG_WARN_DOCUMENTATION_COMMENTS = YES;
				CLANG_WARN_EMPTY_BODY = YES;
				CLANG_WARN_ENUM_CONVERSION = YES;
				CLANG_WARN_INFINITE_RECURSION = YES;
				CLANG_WARN_INT_CONVERSION = YES;
				CLANG_WARN_NON_LITERAL_NULL_CONVERSION = YES;
				CLANG_WARN_OBJC_IMPLICIT_RETAIN_SELF = YES;
				CLANG_WARN_OBJC_LITERAL_CONVERSION = YES;
				CLANG_WARN_OBJC_ROOT_CLASS = YES_ERROR;
				CLANG_WARN_RANGE_LOOP_ANALYSIS = YES;
				CLANG_WARN_STRICT_PROTOTYPES = YES;
				CLANG_WARN_SUSPICIOUS_MOVE = YES;
				CLANG_WARN_UNGUARDED_AVAILABILITY = YES_AGGRESSIVE;
				CLANG_WARN_UNREACHABLE_CODE = YES;
				CLANG_WARN__DUPLICATE_METHOD_MATCH = YES;
				CODE_SIGN_IDENTITY = "iPhone Developer";
				COPY_PHASE_STRIP = NO;
				DEBUG_INFORMATION_FORMAT = "dwarf-with-dsym";
				ENABLE_NS_ASSERTIONS = NO;
				ENABLE_STRICT_OBJC_MSGSEND = YES;
				GCC_C_LANGUAGE_STANDARD = gnu11;
				GCC_NO_COMMON_BLOCKS = YES;
				GCC_WARN_64_TO_32_BIT_CONVERSION = YES;
				GCC_WARN_ABOUT_RETURN_TYPE = YES_ERROR;
				GCC_WARN_UNDECLARED_SELECTOR = YES;
				GCC_WARN_UNINITIALIZED_AUTOS = YES_AGGRESSIVE;
				GCC_WARN_UNUSED_FUNCTION = YES;
				GCC_WARN_UNUSED_VARIABLE = YES;
				IPHONEOS_DEPLOYMENT_TARGET = 12.1;
				MTL_ENABLE_DEBUG_INFO = NO;
				MTL_FAST_MATH = YES;
				SDKROOT = iphoneos;
				SWIFT_COMPILATION_MODE = wholemodule;
				SWIFT_OPTIMIZATION_LEVEL = "-O";
				VALIDATE_PRODUCT = YES;
			};
			name = Release;
		};
		22B12412224C296C00FE40C7 /* Debug */ = {
			isa = XCBuildConfiguration;
			baseConfigurationReference = A171BD004EC04CC461883501 /* Pods-Reported.debug.xcconfig */;
			buildSettings = {
				ASSETCATALOG_COMPILER_APPICON_NAME = AppIcon;
				CODE_SIGN_STYLE = Automatic;
				DEVELOPMENT_TEAM = "";
				INFOPLIST_FILE = Reported/Info.plist;
				IPHONEOS_DEPLOYMENT_TARGET = 12.0;
				LD_RUNPATH_SEARCH_PATHS = (
					"$(inherited)",
					"@executable_path/Frameworks",
				);
				PRODUCT_BUNDLE_IDENTIFIER = cst495.Reported;
				PRODUCT_NAME = "$(TARGET_NAME)";
				SWIFT_ENABLE_BATCH_MODE = YES;
				SWIFT_VERSION = 4.2;
				TARGETED_DEVICE_FAMILY = "1,2";
			};
			name = Debug;
		};
		22B12413224C296C00FE40C7 /* Release */ = {
			isa = XCBuildConfiguration;
			baseConfigurationReference = EA072D9D056D90F929D17331 /* Pods-Reported.release.xcconfig */;
			buildSettings = {
				ASSETCATALOG_COMPILER_APPICON_NAME = AppIcon;
				CODE_SIGN_STYLE = Automatic;
				DEVELOPMENT_TEAM = "";
				INFOPLIST_FILE = Reported/Info.plist;
				IPHONEOS_DEPLOYMENT_TARGET = 12.0;
				LD_RUNPATH_SEARCH_PATHS = (
					"$(inherited)",
					"@executable_path/Frameworks",
				);
				PRODUCT_BUNDLE_IDENTIFIER = cst495.Reported;
				PRODUCT_NAME = "$(TARGET_NAME)";
				SWIFT_ENABLE_BATCH_MODE = YES;
				SWIFT_VERSION = 4.2;
				TARGETED_DEVICE_FAMILY = "1,2";
			};
			name = Release;
		};
		22B12415224C296C00FE40C7 /* Debug */ = {
			isa = XCBuildConfiguration;
			baseConfigurationReference = 3DE3EDEB641C6D6FCD6773F5 /* Pods-ReportedTests.debug.xcconfig */;
			buildSettings = {
				ALWAYS_EMBED_SWIFT_STANDARD_LIBRARIES = YES;
				BUNDLE_LOADER = "$(TEST_HOST)";
				CODE_SIGN_STYLE = Automatic;
				INFOPLIST_FILE = ReportedTests/Info.plist;
				IPHONEOS_DEPLOYMENT_TARGET = 12.0;
				LD_RUNPATH_SEARCH_PATHS = (
					"$(inherited)",
					"@executable_path/Frameworks",
					"@loader_path/Frameworks",
				);
				PRODUCT_BUNDLE_IDENTIFIER = cst495.ReportedTests;
				PRODUCT_NAME = "$(TARGET_NAME)";
				SWIFT_VERSION = 4.2;
				TARGETED_DEVICE_FAMILY = "1,2";
				TEST_HOST = "$(BUILT_PRODUCTS_DIR)/Reported.app/Reported";
			};
			name = Debug;
		};
		22B12416224C296C00FE40C7 /* Release */ = {
			isa = XCBuildConfiguration;
			baseConfigurationReference = BDD373C8929FC0B46A934C56 /* Pods-ReportedTests.release.xcconfig */;
			buildSettings = {
				ALWAYS_EMBED_SWIFT_STANDARD_LIBRARIES = YES;
				BUNDLE_LOADER = "$(TEST_HOST)";
				CODE_SIGN_STYLE = Automatic;
				INFOPLIST_FILE = ReportedTests/Info.plist;
				IPHONEOS_DEPLOYMENT_TARGET = 12.0;
				LD_RUNPATH_SEARCH_PATHS = (
					"$(inherited)",
					"@executable_path/Frameworks",
					"@loader_path/Frameworks",
				);
				PRODUCT_BUNDLE_IDENTIFIER = cst495.ReportedTests;
				PRODUCT_NAME = "$(TARGET_NAME)";
				SWIFT_VERSION = 4.2;
				TARGETED_DEVICE_FAMILY = "1,2";
				TEST_HOST = "$(BUILT_PRODUCTS_DIR)/Reported.app/Reported";
			};
			name = Release;
		};
		22B12418224C296C00FE40C7 /* Debug */ = {
			isa = XCBuildConfiguration;
			baseConfigurationReference = B6CC965DB842F81EF1CC3F36 /* Pods-ReportedUITests.debug.xcconfig */;
			buildSettings = {
				ALWAYS_EMBED_SWIFT_STANDARD_LIBRARIES = YES;
				CODE_SIGN_STYLE = Automatic;
				INFOPLIST_FILE = ReportedUITests/Info.plist;
				IPHONEOS_DEPLOYMENT_TARGET = 12.0;
				LD_RUNPATH_SEARCH_PATHS = (
					"$(inherited)",
					"@executable_path/Frameworks",
					"@loader_path/Frameworks",
				);
				PRODUCT_BUNDLE_IDENTIFIER = cst495.ReportedUITests;
				PRODUCT_NAME = "$(TARGET_NAME)";
				SWIFT_VERSION = 4.2;
				TARGETED_DEVICE_FAMILY = "1,2";
				TEST_TARGET_NAME = Reported;
			};
			name = Debug;
		};
		22B12419224C296C00FE40C7 /* Release */ = {
			isa = XCBuildConfiguration;
			baseConfigurationReference = C717494C07E9873DF27E775F /* Pods-ReportedUITests.release.xcconfig */;
			buildSettings = {
				ALWAYS_EMBED_SWIFT_STANDARD_LIBRARIES = YES;
				CODE_SIGN_STYLE = Automatic;
				INFOPLIST_FILE = ReportedUITests/Info.plist;
				IPHONEOS_DEPLOYMENT_TARGET = 12.0;
				LD_RUNPATH_SEARCH_PATHS = (
					"$(inherited)",
					"@executable_path/Frameworks",
					"@loader_path/Frameworks",
				);
				PRODUCT_BUNDLE_IDENTIFIER = cst495.ReportedUITests;
				PRODUCT_NAME = "$(TARGET_NAME)";
				SWIFT_VERSION = 4.2;
				TARGETED_DEVICE_FAMILY = "1,2";
				TEST_TARGET_NAME = Reported;
			};
			name = Release;
		};
/* End XCBuildConfiguration section */

/* Begin XCConfigurationList section */
		22B123E4224C296A00FE40C7 /* Build configuration list for PBXProject "Reported" */ = {
			isa = XCConfigurationList;
			buildConfigurations = (
				22B1240F224C296C00FE40C7 /* Debug */,
				22B12410224C296C00FE40C7 /* Release */,
			);
			defaultConfigurationIsVisible = 0;
			defaultConfigurationName = Release;
		};
		22B12411224C296C00FE40C7 /* Build configuration list for PBXNativeTarget "Reported" */ = {
			isa = XCConfigurationList;
			buildConfigurations = (
				22B12412224C296C00FE40C7 /* Debug */,
				22B12413224C296C00FE40C7 /* Release */,
			);
			defaultConfigurationIsVisible = 0;
			defaultConfigurationName = Release;
		};
		22B12414224C296C00FE40C7 /* Build configuration list for PBXNativeTarget "ReportedTests" */ = {
			isa = XCConfigurationList;
			buildConfigurations = (
				22B12415224C296C00FE40C7 /* Debug */,
				22B12416224C296C00FE40C7 /* Release */,
			);
			defaultConfigurationIsVisible = 0;
			defaultConfigurationName = Release;
		};
		22B12417224C296C00FE40C7 /* Build configuration list for PBXNativeTarget "ReportedUITests" */ = {
			isa = XCConfigurationList;
			buildConfigurations = (
				22B12418224C296C00FE40C7 /* Debug */,
				22B12419224C296C00FE40C7 /* Release */,
			);
			defaultConfigurationIsVisible = 0;
			defaultConfigurationName = Release;
		};
/* End XCConfigurationList section */
	};
	rootObject = 22B123E1224C296A00FE40C7 /* Project object */;
}
